// !$*UTF8*$!
{
	archiveVersion = 1;
	classes = {
	};
	objectVersion = 51;
	objects = {

/* Begin PBXBuildFile section */
		021EC02522F8579500BCBF82 /* GuestService.swift in Sources */ = {isa = PBXBuildFile; fileRef = 021EC02422F8579500BCBF82 /* GuestService.swift */; };
		021EC02922FCAB7600BCBF82 /* MainScreen.swift in Sources */ = {isa = PBXBuildFile; fileRef = 021EC02822FCAB7600BCBF82 /* MainScreen.swift */; };
		02505DED22D0D66300C35306 /* AppDelegate.swift in Sources */ = {isa = PBXBuildFile; fileRef = 02505DEC22D0D66300C35306 /* AppDelegate.swift */; };
		02505DEF22D0D66300C35306 /* AuthorizationController.swift in Sources */ = {isa = PBXBuildFile; fileRef = 02505DEE22D0D66300C35306 /* AuthorizationController.swift */; };
		02505DF222D0D66300C35306 /* Main.storyboard in Resources */ = {isa = PBXBuildFile; fileRef = 02505DF022D0D66300C35306 /* Main.storyboard */; };
		02505DF422D0D66300C35306 /* Assets.xcassets in Resources */ = {isa = PBXBuildFile; fileRef = 02505DF322D0D66300C35306 /* Assets.xcassets */; };
		02505DF722D0D66300C35306 /* LaunchScreen.storyboard in Resources */ = {isa = PBXBuildFile; fileRef = 02505DF522D0D66300C35306 /* LaunchScreen.storyboard */; };
		02505E0122D0DEE900C35306 /* GoogleService-Info.plist in Resources */ = {isa = PBXBuildFile; fileRef = 02505E0022D0DEE900C35306 /* GoogleService-Info.plist */; };
		02577C8624A7B62F00602633 /* VerifyPhoneView.swift in Sources */ = {isa = PBXBuildFile; fileRef = 02577C8524A7B62F00602633 /* VerifyPhoneView.swift */; };
		02577C8824A7B8BC00602633 /* VerifyPhonePresenter.swift in Sources */ = {isa = PBXBuildFile; fileRef = 02577C8724A7B8BC00602633 /* VerifyPhonePresenter.swift */; };
		02577C8A24A7B90700602633 /* VerifyPhonePresenterCallback.swift in Sources */ = {isa = PBXBuildFile; fileRef = 02577C8924A7B90700602633 /* VerifyPhonePresenterCallback.swift */; };
		0268E312246E19AB00BA7A5E /* AuthorizationPresenter.swift in Sources */ = {isa = PBXBuildFile; fileRef = 0268E311246E19AB00BA7A5E /* AuthorizationPresenter.swift */; };
		0268E314246E19FF00BA7A5E /* AuthorizationView.swift in Sources */ = {isa = PBXBuildFile; fileRef = 0268E313246E19FF00BA7A5E /* AuthorizationView.swift */; };
		0268E31A246E1AC500BA7A5E /* AuthorizationInteractor.swift in Sources */ = {isa = PBXBuildFile; fileRef = 0268E319246E1AC500BA7A5E /* AuthorizationInteractor.swift */; };
		02B53C1322ECABD200E35E1A /* PhotoEntity.swift in Sources */ = {isa = PBXBuildFile; fileRef = 02B53C1222ECABD200E35E1A /* PhotoEntity.swift */; };
		02B53C1622ECAFAC00E35E1A /* AdditionService.swift in Sources */ = {isa = PBXBuildFile; fileRef = 02B53C1522ECAFAC00E35E1A /* AdditionService.swift */; };
		02B53C1C22EDCF3200E35E1A /* ServiceEntity.swift in Sources */ = {isa = PBXBuildFile; fileRef = 02B53C1B22EDCF3200E35E1A /* ServiceEntity.swift */; };
		02B53C1F22EE1C2000E35E1A /* WorkWithTimeApi.swift in Sources */ = {isa = PBXBuildFile; fileRef = 02B53C1E22EE1C2000E35E1A /* WorkWithTimeApi.swift */; };
		02B53C2722EF056C00E35E1A /* DayCell.swift in Sources */ = {isa = PBXBuildFile; fileRef = 02B53C2622EF056C00E35E1A /* DayCell.swift */; };
		02B53C3422F5E63700E35E1A /* TimeCell.swift in Sources */ = {isa = PBXBuildFile; fileRef = 02B53C3322F5E63700E35E1A /* TimeCell.swift */; };
		02D651A82487228400FBF45B /* User.swift in Sources */ = {isa = PBXBuildFile; fileRef = 02D651A72487228400FBF45B /* User.swift */; };
		02D651AA2487229400FBF45B /* Service.swift in Sources */ = {isa = PBXBuildFile; fileRef = 02D651A92487229400FBF45B /* Service.swift */; };
		02D651AC248728AD00FBF45B /* UserRepository.swift in Sources */ = {isa = PBXBuildFile; fileRef = 02D651AB248728AD00FBF45B /* UserRepository.swift */; };
		02D651AF24A2D40C00FBF45B /* AuthorizationPresenterCallback.swift in Sources */ = {isa = PBXBuildFile; fileRef = 02D651AE24A2D40C00FBF45B /* AuthorizationPresenterCallback.swift */; };
		02D651B124A3A64000FBF45B /* UserFirebase.swift in Sources */ = {isa = PBXBuildFile; fileRef = 02D651B024A3A64000FBF45B /* UserFirebase.swift */; };
		02D651B424A3AA5C00FBF45B /* IUserRepository.swift in Sources */ = {isa = PBXBuildFile; fileRef = 02D651B324A3AA5C00FBF45B /* IUserRepository.swift */; };
		02D651B824A3AAFD00FBF45B /* BaseInsertCallback.swift in Sources */ = {isa = PBXBuildFile; fileRef = 02D651B724A3AAFD00FBF45B /* BaseInsertCallback.swift */; };
		02D651BA24A3ACBB00FBF45B /* BaseDeleteCallback.swift in Sources */ = {isa = PBXBuildFile; fileRef = 02D651B924A3ACBB00FBF45B /* BaseDeleteCallback.swift */; };
		02D651BC24A3ACE900FBF45B /* BaseUpdateCallback.swift in Sources */ = {isa = PBXBuildFile; fileRef = 02D651BB24A3ACE900FBF45B /* BaseUpdateCallback.swift */; };
		02D651BE24A3AD2400FBF45B /* BaseReturnElement.swift in Sources */ = {isa = PBXBuildFile; fileRef = 02D651BD24A3AD2400FBF45B /* BaseReturnElement.swift */; };
		02D651C024A3AD6700FBF45B /* BaseReturnList.swift in Sources */ = {isa = PBXBuildFile; fileRef = 02D651BF24A3AD6700FBF45B /* BaseReturnList.swift */; };
		02D651C324A3AE7B00FBF45B /* InsertUserCallback.swift in Sources */ = {isa = PBXBuildFile; fileRef = 02D651C224A3AE7B00FBF45B /* InsertUserCallback.swift */; };
		02D651C524A3B05E00FBF45B /* UpdateUserCallback.swift in Sources */ = {isa = PBXBuildFile; fileRef = 02D651C424A3B05E00FBF45B /* UpdateUserCallback.swift */; };
		02D651C724A3B08200FBF45B /* GetUserCallback.swift in Sources */ = {isa = PBXBuildFile; fileRef = 02D651C624A3B08200FBF45B /* GetUserCallback.swift */; };
		02E209C422D22C6400AC046C /* VerifyPhoneController.swift in Sources */ = {isa = PBXBuildFile; fileRef = 02E209C322D22C6400AC046C /* VerifyPhoneController.swift */; };
		02E209CF22D341A800AC046C /* RegistrationController.swift in Sources */ = {isa = PBXBuildFile; fileRef = 02E209CE22D341A800AC046C /* RegistrationController.swift */; };
		02E209D622D34D5200AC046C /* UserEntity.swift in Sources */ = {isa = PBXBuildFile; fileRef = 02E209D522D34D5200AC046C /* UserEntity.swift */; };
		02E209DE22D517EB00AC046C /* ProfileController.swift in Sources */ = {isa = PBXBuildFile; fileRef = 02E209DD22D517EB00AC046C /* ProfileController.swift */; };
		75E05849D769EFB500816DE0 /* Pods_BunBeauty.framework in Frameworks */ = {isa = PBXBuildFile; fileRef = 5908CA29CBA84A545FEF3B07 /* Pods_BunBeauty.framework */; };
/* End PBXBuildFile section */

/* Begin PBXFileReference section */
		021EC02422F8579500BCBF82 /* GuestService.swift */ = {isa = PBXFileReference; lastKnownFileType = sourcecode.swift; path = GuestService.swift; sourceTree = "<group>"; };
		021EC02822FCAB7600BCBF82 /* MainScreen.swift */ = {isa = PBXFileReference; lastKnownFileType = sourcecode.swift; path = MainScreen.swift; sourceTree = "<group>"; };
		02505DE922D0D66300C35306 /* BunBeauty.app */ = {isa = PBXFileReference; explicitFileType = wrapper.application; includeInIndex = 0; path = BunBeauty.app; sourceTree = BUILT_PRODUCTS_DIR; };
		02505DEC22D0D66300C35306 /* AppDelegate.swift */ = {isa = PBXFileReference; lastKnownFileType = sourcecode.swift; path = AppDelegate.swift; sourceTree = "<group>"; };
		02505DEE22D0D66300C35306 /* AuthorizationController.swift */ = {isa = PBXFileReference; lastKnownFileType = sourcecode.swift; path = AuthorizationController.swift; sourceTree = "<group>"; };
		02505DF122D0D66300C35306 /* Base */ = {isa = PBXFileReference; lastKnownFileType = file.storyboard; name = Base; path = Base.lproj/Main.storyboard; sourceTree = "<group>"; };
		02505DF322D0D66300C35306 /* Assets.xcassets */ = {isa = PBXFileReference; lastKnownFileType = folder.assetcatalog; path = Assets.xcassets; sourceTree = "<group>"; };
		02505DF622D0D66300C35306 /* Base */ = {isa = PBXFileReference; lastKnownFileType = file.storyboard; name = Base; path = Base.lproj/LaunchScreen.storyboard; sourceTree = "<group>"; };
		02505DF822D0D66300C35306 /* Info.plist */ = {isa = PBXFileReference; lastKnownFileType = text.plist.xml; path = Info.plist; sourceTree = "<group>"; };
		02505E0022D0DEE900C35306 /* GoogleService-Info.plist */ = {isa = PBXFileReference; fileEncoding = 4; lastKnownFileType = text.plist.xml; path = "GoogleService-Info.plist"; sourceTree = "<group>"; };
		02577C8524A7B62F00602633 /* VerifyPhoneView.swift */ = {isa = PBXFileReference; lastKnownFileType = sourcecode.swift; path = VerifyPhoneView.swift; sourceTree = "<group>"; };
		02577C8724A7B8BC00602633 /* VerifyPhonePresenter.swift */ = {isa = PBXFileReference; lastKnownFileType = sourcecode.swift; path = VerifyPhonePresenter.swift; sourceTree = "<group>"; };
		02577C8924A7B90700602633 /* VerifyPhonePresenterCallback.swift */ = {isa = PBXFileReference; lastKnownFileType = sourcecode.swift; path = VerifyPhonePresenterCallback.swift; sourceTree = "<group>"; };
		0268E311246E19AB00BA7A5E /* AuthorizationPresenter.swift */ = {isa = PBXFileReference; lastKnownFileType = sourcecode.swift; path = AuthorizationPresenter.swift; sourceTree = "<group>"; };
		0268E313246E19FF00BA7A5E /* AuthorizationView.swift */ = {isa = PBXFileReference; lastKnownFileType = sourcecode.swift; path = AuthorizationView.swift; sourceTree = "<group>"; };
		0268E319246E1AC500BA7A5E /* AuthorizationInteractor.swift */ = {isa = PBXFileReference; lastKnownFileType = sourcecode.swift; path = AuthorizationInteractor.swift; sourceTree = "<group>"; };
		02B53C1222ECABD200E35E1A /* PhotoEntity.swift */ = {isa = PBXFileReference; lastKnownFileType = sourcecode.swift; path = PhotoEntity.swift; sourceTree = "<group>"; };
		02B53C1522ECAFAC00E35E1A /* AdditionService.swift */ = {isa = PBXFileReference; lastKnownFileType = sourcecode.swift; path = AdditionService.swift; sourceTree = "<group>"; };
		02B53C1B22EDCF3200E35E1A /* ServiceEntity.swift */ = {isa = PBXFileReference; lastKnownFileType = sourcecode.swift; path = ServiceEntity.swift; sourceTree = "<group>"; };
		02B53C1E22EE1C2000E35E1A /* WorkWithTimeApi.swift */ = {isa = PBXFileReference; lastKnownFileType = sourcecode.swift; path = WorkWithTimeApi.swift; sourceTree = "<group>"; };
		02B53C2622EF056C00E35E1A /* DayCell.swift */ = {isa = PBXFileReference; lastKnownFileType = sourcecode.swift; path = DayCell.swift; sourceTree = "<group>"; };
		02B53C3322F5E63700E35E1A /* TimeCell.swift */ = {isa = PBXFileReference; lastKnownFileType = sourcecode.swift; path = TimeCell.swift; sourceTree = "<group>"; };
		02D651A72487228400FBF45B /* User.swift */ = {isa = PBXFileReference; lastKnownFileType = sourcecode.swift; path = User.swift; sourceTree = "<group>"; };
		02D651A92487229400FBF45B /* Service.swift */ = {isa = PBXFileReference; lastKnownFileType = sourcecode.swift; path = Service.swift; sourceTree = "<group>"; };
		02D651AB248728AD00FBF45B /* UserRepository.swift */ = {isa = PBXFileReference; lastKnownFileType = sourcecode.swift; path = UserRepository.swift; sourceTree = "<group>"; };
		02D651AE24A2D40C00FBF45B /* AuthorizationPresenterCallback.swift */ = {isa = PBXFileReference; lastKnownFileType = sourcecode.swift; path = AuthorizationPresenterCallback.swift; sourceTree = "<group>"; };
		02D651B024A3A64000FBF45B /* UserFirebase.swift */ = {isa = PBXFileReference; lastKnownFileType = sourcecode.swift; path = UserFirebase.swift; sourceTree = "<group>"; };
		02D651B324A3AA5C00FBF45B /* IUserRepository.swift */ = {isa = PBXFileReference; lastKnownFileType = sourcecode.swift; path = IUserRepository.swift; sourceTree = "<group>"; };
		02D651B724A3AAFD00FBF45B /* BaseInsertCallback.swift */ = {isa = PBXFileReference; lastKnownFileType = sourcecode.swift; path = BaseInsertCallback.swift; sourceTree = "<group>"; };
		02D651B924A3ACBB00FBF45B /* BaseDeleteCallback.swift */ = {isa = PBXFileReference; lastKnownFileType = sourcecode.swift; path = BaseDeleteCallback.swift; sourceTree = "<group>"; };
		02D651BB24A3ACE900FBF45B /* BaseUpdateCallback.swift */ = {isa = PBXFileReference; lastKnownFileType = sourcecode.swift; path = BaseUpdateCallback.swift; sourceTree = "<group>"; };
		02D651BD24A3AD2400FBF45B /* BaseReturnElement.swift */ = {isa = PBXFileReference; lastKnownFileType = sourcecode.swift; path = BaseReturnElement.swift; sourceTree = "<group>"; };
		02D651BF24A3AD6700FBF45B /* BaseReturnList.swift */ = {isa = PBXFileReference; lastKnownFileType = sourcecode.swift; path = BaseReturnList.swift; sourceTree = "<group>"; };
		02D651C224A3AE7B00FBF45B /* InsertUserCallback.swift */ = {isa = PBXFileReference; lastKnownFileType = sourcecode.swift; path = InsertUserCallback.swift; sourceTree = "<group>"; };
		02D651C424A3B05E00FBF45B /* UpdateUserCallback.swift */ = {isa = PBXFileReference; lastKnownFileType = sourcecode.swift; path = UpdateUserCallback.swift; sourceTree = "<group>"; };
		02D651C624A3B08200FBF45B /* GetUserCallback.swift */ = {isa = PBXFileReference; lastKnownFileType = sourcecode.swift; path = GetUserCallback.swift; sourceTree = "<group>"; };
		02E209C322D22C6400AC046C /* VerifyPhoneController.swift */ = {isa = PBXFileReference; lastKnownFileType = sourcecode.swift; path = VerifyPhoneController.swift; sourceTree = "<group>"; };
		02E209CE22D341A800AC046C /* RegistrationController.swift */ = {isa = PBXFileReference; lastKnownFileType = sourcecode.swift; path = RegistrationController.swift; sourceTree = "<group>"; };
		02E209D522D34D5200AC046C /* UserEntity.swift */ = {isa = PBXFileReference; lastKnownFileType = sourcecode.swift; path = UserEntity.swift; sourceTree = "<group>"; };
		02E209DD22D517EB00AC046C /* ProfileController.swift */ = {isa = PBXFileReference; lastKnownFileType = sourcecode.swift; path = ProfileController.swift; sourceTree = "<group>"; };
		5908CA29CBA84A545FEF3B07 /* Pods_BunBeauty.framework */ = {isa = PBXFileReference; explicitFileType = wrapper.framework; includeInIndex = 0; path = Pods_BunBeauty.framework; sourceTree = BUILT_PRODUCTS_DIR; };
		5DA72BA1C387646C4A599237 /* Pods-BunBeauty.debug.xcconfig */ = {isa = PBXFileReference; includeInIndex = 1; lastKnownFileType = text.xcconfig; name = "Pods-BunBeauty.debug.xcconfig"; path = "Target Support Files/Pods-BunBeauty/Pods-BunBeauty.debug.xcconfig"; sourceTree = "<group>"; };
		B67DD05E80DBE56F686C823B /* Pods-BunBeauty.release.xcconfig */ = {isa = PBXFileReference; includeInIndex = 1; lastKnownFileType = text.xcconfig; name = "Pods-BunBeauty.release.xcconfig"; path = "Target Support Files/Pods-BunBeauty/Pods-BunBeauty.release.xcconfig"; sourceTree = "<group>"; };
/* End PBXFileReference section */

/* Begin PBXFrameworksBuildPhase section */
		02505DE622D0D66300C35306 /* Frameworks */ = {
			isa = PBXFrameworksBuildPhase;
			buildActionMask = 2147483647;
			files = (
				75E05849D769EFB500816DE0 /* Pods_BunBeauty.framework in Frameworks */,
			);
			runOnlyForDeploymentPostprocessing = 0;
		};
/* End PBXFrameworksBuildPhase section */

/* Begin PBXGroup section */
		021EC02322F8577700BCBF82 /* SearchingService */ = {
			isa = PBXGroup;
			children = (
				021EC02422F8579500BCBF82 /* GuestService.swift */,
				021EC02822FCAB7600BCBF82 /* MainScreen.swift */,
			);
			path = SearchingService;
			sourceTree = "<group>";
		};
		02505DE022D0D66300C35306 = {
			isa = PBXGroup;
			children = (
				02505DEB22D0D66300C35306 /* BunBeauty */,
				02505DEA22D0D66300C35306 /* Products */,
				A091E1DAA40D55741FF867F5 /* Pods */,
				D83290CC296C2B8A8F3D8BFB /* Frameworks */,
			);
			sourceTree = "<group>";
		};
		02505DEA22D0D66300C35306 /* Products */ = {
			isa = PBXGroup;
			children = (
				02505DE922D0D66300C35306 /* BunBeauty.app */,
			);
			name = Products;
			sourceTree = "<group>";
		};
		02505DEB22D0D66300C35306 /* BunBeauty */ = {
			isa = PBXGroup;
			children = (
				0268E307246E181200BA7A5E /* CleanArchitecture */,
				021EC02322F8577700BCBF82 /* SearchingService */,
				02B53C1D22EE1C0200E35E1A /* HelpApi */,
				02B53C1422ECAF0B00E35E1A /* ServiceCreation */,
				02E209DC22D517CC00AC046C /* Other */,
				02E209D022D34ABB00AC046C /* Entities */,
				02E209C522D2962500AC046C /* LogIn */,
				02505DEC22D0D66300C35306 /* AppDelegate.swift */,
				02505DF022D0D66300C35306 /* Main.storyboard */,
				02505E0022D0DEE900C35306 /* GoogleService-Info.plist */,
				02505DF322D0D66300C35306 /* Assets.xcassets */,
				02505DF522D0D66300C35306 /* LaunchScreen.storyboard */,
				02505DF822D0D66300C35306 /* Info.plist */,
			);
			path = BunBeauty;
			sourceTree = "<group>";
		};
		0268E307246E181200BA7A5E /* CleanArchitecture */ = {
			isa = PBXGroup;
			children = (
				0268E30C246E189500BA7A5E /* callback */,
				0268E30B246E187300BA7A5E /* buisness */,
				0268E30A246E186A00BA7A5E /* data */,
				0268E309246E186200BA7A5E /* mvp */,
				0268E308246E185300BA7A5E /* di */,
			);
			path = CleanArchitecture;
			sourceTree = "<group>";
		};
		0268E308246E185300BA7A5E /* di */ = {
			isa = PBXGroup;
			children = (
			);
			path = di;
			sourceTree = "<group>";
		};
		0268E309246E186200BA7A5E /* mvp */ = {
			isa = PBXGroup;
			children = (
				0268E30D246E18C400BA7A5E /* controllers */,
				0268E310246E18E500BA7A5E /* presenters */,
				0268E30F246E18D700BA7A5E /* views */,
				0268E30E246E18CB00BA7A5E /* fragments */,
			);
			path = mvp;
			sourceTree = "<group>";
		};
		0268E30A246E186A00BA7A5E /* data */ = {
			isa = PBXGroup;
			children = (
				02D651A62487224800FBF45B /* entities */,
				02D651A52487221B00FBF45B /* firebase */,
				02D651A42487220200FBF45B /* repositories */,
			);
			path = data;
			sourceTree = "<group>";
		};
		0268E30B246E187300BA7A5E /* buisness */ = {
			isa = PBXGroup;
			children = (
				0268E318246E1AA800BA7A5E /* logIn */,
			);
			path = buisness;
			sourceTree = "<group>";
		};
		0268E30C246E189500BA7A5E /* callback */ = {
			isa = PBXGroup;
			children = (
				02D651B524A3AACA00FBF45B /* subscribers */,
				02D651AD24A2D3E600FBF45B /* logIn */,
			);
			path = callback;
			sourceTree = "<group>";
		};
		0268E30D246E18C400BA7A5E /* controllers */ = {
			isa = PBXGroup;
			children = (
				0268E315246E1A5600BA7A5E /* logIn */,
			);
			path = controllers;
			sourceTree = "<group>";
		};
		0268E30E246E18CB00BA7A5E /* fragments */ = {
			isa = PBXGroup;
			children = (
			);
			path = fragments;
			sourceTree = "<group>";
		};
		0268E30F246E18D700BA7A5E /* views */ = {
			isa = PBXGroup;
			children = (
				0268E317246E1A7400BA7A5E /* logIn */,
			);
			path = views;
			sourceTree = "<group>";
		};
		0268E310246E18E500BA7A5E /* presenters */ = {
			isa = PBXGroup;
			children = (
				0268E316246E1A6600BA7A5E /* logIn */,
			);
			path = presenters;
			sourceTree = "<group>";
		};
		0268E315246E1A5600BA7A5E /* logIn */ = {
			isa = PBXGroup;
			children = (
				02E209C322D22C6400AC046C /* VerifyPhoneController.swift */,
				02505DEE22D0D66300C35306 /* AuthorizationController.swift */,
			);
			path = logIn;
			sourceTree = "<group>";
		};
		0268E316246E1A6600BA7A5E /* logIn */ = {
			isa = PBXGroup;
			children = (
				0268E311246E19AB00BA7A5E /* AuthorizationPresenter.swift */,
				02577C8724A7B8BC00602633 /* VerifyPhonePresenter.swift */,
			);
			path = logIn;
			sourceTree = "<group>";
		};
		0268E317246E1A7400BA7A5E /* logIn */ = {
			isa = PBXGroup;
			children = (
				0268E313246E19FF00BA7A5E /* AuthorizationView.swift */,
				02577C8524A7B62F00602633 /* VerifyPhoneView.swift */,
			);
			path = logIn;
			sourceTree = "<group>";
		};
		0268E318246E1AA800BA7A5E /* logIn */ = {
			isa = PBXGroup;
			children = (
				0268E319246E1AC500BA7A5E /* AuthorizationInteractor.swift */,
			);
			path = logIn;
			sourceTree = "<group>";
		};
		02B53C1422ECAF0B00E35E1A /* ServiceCreation */ = {
			isa = PBXGroup;
			children = (
				02B53C3522F5E96000E35E1A /* Cells */,
				02B53C1522ECAFAC00E35E1A /* AdditionService.swift */,
			);
			path = ServiceCreation;
			sourceTree = "<group>";
		};
		02B53C1D22EE1C0200E35E1A /* HelpApi */ = {
			isa = PBXGroup;
			children = (
				02B53C1E22EE1C2000E35E1A /* WorkWithTimeApi.swift */,
			);
			path = HelpApi;
			sourceTree = "<group>";
		};
		02B53C3522F5E96000E35E1A /* Cells */ = {
			isa = PBXGroup;
			children = (
				02B53C2622EF056C00E35E1A /* DayCell.swift */,
				02B53C3322F5E63700E35E1A /* TimeCell.swift */,
			);
			path = Cells;
			sourceTree = "<group>";
		};
		02D651A42487220200FBF45B /* repositories */ = {
			isa = PBXGroup;
			children = (
				02D651B224A3AA3B00FBF45B /* iRepositories */,
				02D651AB248728AD00FBF45B /* UserRepository.swift */,
			);
			path = repositories;
			sourceTree = "<group>";
		};
		02D651A52487221B00FBF45B /* firebase */ = {
			isa = PBXGroup;
			children = (
				02D651B024A3A64000FBF45B /* UserFirebase.swift */,
			);
			path = firebase;
			sourceTree = "<group>";
		};
		02D651A62487224800FBF45B /* entities */ = {
			isa = PBXGroup;
			children = (
				02D651A72487228400FBF45B /* User.swift */,
				02D651A92487229400FBF45B /* Service.swift */,
			);
			path = entities;
			sourceTree = "<group>";
		};
		02D651AD24A2D3E600FBF45B /* logIn */ = {
			isa = PBXGroup;
			children = (
				02D651AE24A2D40C00FBF45B /* AuthorizationPresenterCallback.swift */,
				02577C8924A7B90700602633 /* VerifyPhonePresenterCallback.swift */,
			);
			path = logIn;
			sourceTree = "<group>";
		};
		02D651B224A3AA3B00FBF45B /* iRepositories */ = {
			isa = PBXGroup;
			children = (
				02D651B324A3AA5C00FBF45B /* IUserRepository.swift */,
			);
			path = iRepositories;
			sourceTree = "<group>";
		};
		02D651B524A3AACA00FBF45B /* subscribers */ = {
			isa = PBXGroup;
			children = (
				02D651C124A3AE2900FBF45B /* user */,
				02D651B624A3AADB00FBF45B /* baseSubscribers */,
			);
			path = subscribers;
			sourceTree = "<group>";
		};
		02D651B624A3AADB00FBF45B /* baseSubscribers */ = {
			isa = PBXGroup;
			children = (
				02D651B724A3AAFD00FBF45B /* BaseInsertCallback.swift */,
				02D651B924A3ACBB00FBF45B /* BaseDeleteCallback.swift */,
				02D651BB24A3ACE900FBF45B /* BaseUpdateCallback.swift */,
				02D651BD24A3AD2400FBF45B /* BaseReturnElement.swift */,
				02D651BF24A3AD6700FBF45B /* BaseReturnList.swift */,
			);
			path = baseSubscribers;
			sourceTree = "<group>";
		};
		02D651C124A3AE2900FBF45B /* user */ = {
			isa = PBXGroup;
			children = (
				02D651C224A3AE7B00FBF45B /* InsertUserCallback.swift */,
				02D651C424A3B05E00FBF45B /* UpdateUserCallback.swift */,
				02D651C624A3B08200FBF45B /* GetUserCallback.swift */,
			);
			path = user;
			sourceTree = "<group>";
		};
		02E209C522D2962500AC046C /* LogIn */ = {
			isa = PBXGroup;
			children = (
				02E209CE22D341A800AC046C /* RegistrationController.swift */,
			);
			path = LogIn;
			sourceTree = "<group>";
		};
		02E209D022D34ABB00AC046C /* Entities */ = {
			isa = PBXGroup;
			children = (
				02E209D522D34D5200AC046C /* UserEntity.swift */,
				02B53C1222ECABD200E35E1A /* PhotoEntity.swift */,
				02B53C1B22EDCF3200E35E1A /* ServiceEntity.swift */,
			);
			path = Entities;
			sourceTree = "<group>";
		};
		02E209DC22D517CC00AC046C /* Other */ = {
			isa = PBXGroup;
			children = (
				02E209DD22D517EB00AC046C /* ProfileController.swift */,
			);
			path = Other;
			sourceTree = "<group>";
		};
		A091E1DAA40D55741FF867F5 /* Pods */ = {
			isa = PBXGroup;
			children = (
				5DA72BA1C387646C4A599237 /* Pods-BunBeauty.debug.xcconfig */,
				B67DD05E80DBE56F686C823B /* Pods-BunBeauty.release.xcconfig */,
			);
			path = Pods;
			sourceTree = "<group>";
		};
		D83290CC296C2B8A8F3D8BFB /* Frameworks */ = {
			isa = PBXGroup;
			children = (
				5908CA29CBA84A545FEF3B07 /* Pods_BunBeauty.framework */,
			);
			name = Frameworks;
			sourceTree = "<group>";
		};
/* End PBXGroup section */

/* Begin PBXNativeTarget section */
		02505DE822D0D66300C35306 /* BunBeauty */ = {
			isa = PBXNativeTarget;
			buildConfigurationList = 02505DFB22D0D66300C35306 /* Build configuration list for PBXNativeTarget "BunBeauty" */;
			buildPhases = (
				3ED26D5D7E88904B5544C8D1 /* [CP] Check Pods Manifest.lock */,
				02505DE522D0D66300C35306 /* Sources */,
				02505DE622D0D66300C35306 /* Frameworks */,
				02505DE722D0D66300C35306 /* Resources */,
				9AAAAF2FDC3D7E0085A4447C /* [CP] Embed Pods Frameworks */,
			);
			buildRules = (
			);
			dependencies = (
			);
			name = BunBeauty;
			productName = BunBeauty;
			productReference = 02505DE922D0D66300C35306 /* BunBeauty.app */;
			productType = "com.apple.product-type.application";
		};
/* End PBXNativeTarget section */

/* Begin PBXProject section */
		02505DE122D0D66300C35306 /* Project object */ = {
			isa = PBXProject;
			attributes = {
				LastSwiftUpdateCheck = 1020;
				LastUpgradeCheck = 1020;
				ORGANIZATIONNAME = BunBeauty;
				TargetAttributes = {
					02505DE822D0D66300C35306 = {
						CreatedOnToolsVersion = 10.2.1;
					};
				};
			};
			buildConfigurationList = 02505DE422D0D66300C35306 /* Build configuration list for PBXProject "BunBeauty" */;
			compatibilityVersion = "Xcode 9.3";
			developmentRegion = en;
			hasScannedForEncodings = 0;
			knownRegions = (
				en,
				Base,
			);
			mainGroup = 02505DE022D0D66300C35306;
			productRefGroup = 02505DEA22D0D66300C35306 /* Products */;
			projectDirPath = "";
			projectRoot = "";
			targets = (
				02505DE822D0D66300C35306 /* BunBeauty */,
			);
		};
/* End PBXProject section */

/* Begin PBXResourcesBuildPhase section */
		02505DE722D0D66300C35306 /* Resources */ = {
			isa = PBXResourcesBuildPhase;
			buildActionMask = 2147483647;
			files = (
				02505DF722D0D66300C35306 /* LaunchScreen.storyboard in Resources */,
				02505E0122D0DEE900C35306 /* GoogleService-Info.plist in Resources */,
				02505DF422D0D66300C35306 /* Assets.xcassets in Resources */,
				02505DF222D0D66300C35306 /* Main.storyboard in Resources */,
			);
			runOnlyForDeploymentPostprocessing = 0;
		};
/* End PBXResourcesBuildPhase section */

/* Begin PBXShellScriptBuildPhase section */
		3ED26D5D7E88904B5544C8D1 /* [CP] Check Pods Manifest.lock */ = {
			isa = PBXShellScriptBuildPhase;
			buildActionMask = 2147483647;
			files = (
			);
			inputFileListPaths = (
			);
			inputPaths = (
				"${PODS_PODFILE_DIR_PATH}/Podfile.lock",
				"${PODS_ROOT}/Manifest.lock",
			);
			name = "[CP] Check Pods Manifest.lock";
			outputFileListPaths = (
			);
			outputPaths = (
				"$(DERIVED_FILE_DIR)/Pods-BunBeauty-checkManifestLockResult.txt",
			);
			runOnlyForDeploymentPostprocessing = 0;
			shellPath = /bin/sh;
			shellScript = "diff \"${PODS_PODFILE_DIR_PATH}/Podfile.lock\" \"${PODS_ROOT}/Manifest.lock\" > /dev/null\nif [ $? != 0 ] ; then\n    # print error to STDERR\n    echo \"error: The sandbox is not in sync with the Podfile.lock. Run 'pod install' or update your CocoaPods installation.\" >&2\n    exit 1\nfi\n# This output is used by Xcode 'outputs' to avoid re-running this script phase.\necho \"SUCCESS\" > \"${SCRIPT_OUTPUT_FILE_0}\"\n";
			showEnvVarsInLog = 0;
		};
		9AAAAF2FDC3D7E0085A4447C /* [CP] Embed Pods Frameworks */ = {
			isa = PBXShellScriptBuildPhase;
			buildActionMask = 2147483647;
			files = (
			);
			inputFileListPaths = (
				"${PODS_ROOT}/Target Support Files/Pods-BunBeauty/Pods-BunBeauty-frameworks-${CONFIGURATION}-input-files.xcfilelist",
			);
			name = "[CP] Embed Pods Frameworks";
			outputFileListPaths = (
				"${PODS_ROOT}/Target Support Files/Pods-BunBeauty/Pods-BunBeauty-frameworks-${CONFIGURATION}-output-files.xcfilelist",
			);
			runOnlyForDeploymentPostprocessing = 0;
			shellPath = /bin/sh;
			shellScript = "\"${PODS_ROOT}/Target Support Files/Pods-BunBeauty/Pods-BunBeauty-frameworks.sh\"\n";
			showEnvVarsInLog = 0;
		};
/* End PBXShellScriptBuildPhase section */

/* Begin PBXSourcesBuildPhase section */
		02505DE522D0D66300C35306 /* Sources */ = {
			isa = PBXSourcesBuildPhase;
			buildActionMask = 2147483647;
			files = (
				02D651B824A3AAFD00FBF45B /* BaseInsertCallback.swift in Sources */,
				02D651C724A3B08200FBF45B /* GetUserCallback.swift in Sources */,
				0268E312246E19AB00BA7A5E /* AuthorizationPresenter.swift in Sources */,
				02B53C3422F5E63700E35E1A /* TimeCell.swift in Sources */,
				0268E314246E19FF00BA7A5E /* AuthorizationView.swift in Sources */,
				02505DEF22D0D66300C35306 /* AuthorizationController.swift in Sources */,
				02E209D622D34D5200AC046C /* UserEntity.swift in Sources */,
				02B53C1622ECAFAC00E35E1A /* AdditionService.swift in Sources */,
				02D651AC248728AD00FBF45B /* UserRepository.swift in Sources */,
				021EC02922FCAB7600BCBF82 /* MainScreen.swift in Sources */,
				02B53C1F22EE1C2000E35E1A /* WorkWithTimeApi.swift in Sources */,
				02D651BC24A3ACE900FBF45B /* BaseUpdateCallback.swift in Sources */,
				02505DED22D0D66300C35306 /* AppDelegate.swift in Sources */,
				02D651B424A3AA5C00FBF45B /* IUserRepository.swift in Sources */,
				02D651AF24A2D40C00FBF45B /* AuthorizationPresenterCallback.swift in Sources */,
				02D651AA2487229400FBF45B /* Service.swift in Sources */,
				02D651BA24A3ACBB00FBF45B /* BaseDeleteCallback.swift in Sources */,
				02577C8A24A7B90700602633 /* VerifyPhonePresenterCallback.swift in Sources */,
				02D651BE24A3AD2400FBF45B /* BaseReturnElement.swift in Sources */,
				02E209C422D22C6400AC046C /* VerifyPhoneController.swift in Sources */,
				02D651C024A3AD6700FBF45B /* BaseReturnList.swift in Sources */,
				02B53C2722EF056C00E35E1A /* DayCell.swift in Sources */,
				02B53C1C22EDCF3200E35E1A /* ServiceEntity.swift in Sources */,
				02E209CF22D341A800AC046C /* RegistrationController.swift in Sources */,
				02D651A82487228400FBF45B /* User.swift in Sources */,
				02D651B124A3A64000FBF45B /* UserFirebase.swift in Sources */,
				02E209DE22D517EB00AC046C /* ProfileController.swift in Sources */,
				02577C8824A7B8BC00602633 /* VerifyPhonePresenter.swift in Sources */,
				02577C8624A7B62F00602633 /* VerifyPhoneView.swift in Sources */,
				02D651C324A3AE7B00FBF45B /* InsertUserCallback.swift in Sources */,
				021EC02522F8579500BCBF82 /* GuestService.swift in Sources */,
				0268E31A246E1AC500BA7A5E /* AuthorizationInteractor.swift in Sources */,
				02D651C524A3B05E00FBF45B /* UpdateUserCallback.swift in Sources */,
				02B53C1322ECABD200E35E1A /* PhotoEntity.swift in Sources */,
			);
			runOnlyForDeploymentPostprocessing = 0;
		};
/* End PBXSourcesBuildPhase section */

/* Begin PBXVariantGroup section */
		02505DF022D0D66300C35306 /* Main.storyboard */ = {
			isa = PBXVariantGroup;
			children = (
				02505DF122D0D66300C35306 /* Base */,
			);
			name = Main.storyboard;
			sourceTree = "<group>";
		};
		02505DF522D0D66300C35306 /* LaunchScreen.storyboard */ = {
			isa = PBXVariantGroup;
			children = (
				02505DF622D0D66300C35306 /* Base */,
			);
			name = LaunchScreen.storyboard;
			sourceTree = "<group>";
		};
/* End PBXVariantGroup section */

/* Begin XCBuildConfiguration section */
		02505DF922D0D66300C35306 /* Debug */ = {
			isa = XCBuildConfiguration;
			buildSettings = {
				ALWAYS_SEARCH_USER_PATHS = NO;
				CLANG_ANALYZER_NONNULL = YES;
				CLANG_ANALYZER_NUMBER_OBJECT_CONVERSION = YES_AGGRESSIVE;
				CLANG_CXX_LANGUAGE_STANDARD = "gnu++14";
				CLANG_CXX_LIBRARY = "libc++";
				CLANG_ENABLE_MODULES = YES;
				CLANG_ENABLE_OBJC_ARC = YES;
				CLANG_ENABLE_OBJC_WEAK = YES;
				CLANG_WARN_BLOCK_CAPTURE_AUTORELEASING = YES;
				CLANG_WARN_BOOL_CONVERSION = YES;
				CLANG_WARN_COMMA = YES;
				CLANG_WARN_CONSTANT_CONVERSION = YES;
				CLANG_WARN_DEPRECATED_OBJC_IMPLEMENTATIONS = YES;
				CLANG_WARN_DIRECT_OBJC_ISA_USAGE = YES_ERROR;
				CLANG_WARN_DOCUMENTATION_COMMENTS = YES;
				CLANG_WARN_EMPTY_BODY = YES;
				CLANG_WARN_ENUM_CONVERSION = YES;
				CLANG_WARN_INFINITE_RECURSION = YES;
				CLANG_WARN_INT_CONVERSION = YES;
				CLANG_WARN_NON_LITERAL_NULL_CONVERSION = YES;
				CLANG_WARN_OBJC_IMPLICIT_RETAIN_SELF = YES;
				CLANG_WARN_OBJC_LITERAL_CONVERSION = YES;
				CLANG_WARN_OBJC_ROOT_CLASS = YES_ERROR;
				CLANG_WARN_RANGE_LOOP_ANALYSIS = YES;
				CLANG_WARN_STRICT_PROTOTYPES = YES;
				CLANG_WARN_SUSPICIOUS_MOVE = YES;
				CLANG_WARN_UNGUARDED_AVAILABILITY = YES_AGGRESSIVE;
				CLANG_WARN_UNREACHABLE_CODE = YES;
				CLANG_WARN__DUPLICATE_METHOD_MATCH = YES;
				CODE_SIGN_IDENTITY = "iPhone Developer";
				COPY_PHASE_STRIP = NO;
				DEBUG_INFORMATION_FORMAT = dwarf;
				ENABLE_STRICT_OBJC_MSGSEND = YES;
				ENABLE_TESTABILITY = YES;
				GCC_C_LANGUAGE_STANDARD = gnu11;
				GCC_DYNAMIC_NO_PIC = NO;
				GCC_NO_COMMON_BLOCKS = YES;
				GCC_OPTIMIZATION_LEVEL = 0;
				GCC_PREPROCESSOR_DEFINITIONS = (
					"DEBUG=1",
					"$(inherited)",
				);
				GCC_WARN_64_TO_32_BIT_CONVERSION = YES;
				GCC_WARN_ABOUT_RETURN_TYPE = YES_ERROR;
				GCC_WARN_UNDECLARED_SELECTOR = YES;
				GCC_WARN_UNINITIALIZED_AUTOS = YES_AGGRESSIVE;
				GCC_WARN_UNUSED_FUNCTION = YES;
				GCC_WARN_UNUSED_VARIABLE = YES;
				IPHONEOS_DEPLOYMENT_TARGET = 12.2;
				MTL_ENABLE_DEBUG_INFO = INCLUDE_SOURCE;
				MTL_FAST_MATH = YES;
				ONLY_ACTIVE_ARCH = YES;
				SDKROOT = iphoneos;
				SWIFT_ACTIVE_COMPILATION_CONDITIONS = DEBUG;
				SWIFT_OPTIMIZATION_LEVEL = "-Onone";
			};
			name = Debug;
		};
		02505DFA22D0D66300C35306 /* Release */ = {
			isa = XCBuildConfiguration;
			buildSettings = {
				ALWAYS_SEARCH_USER_PATHS = NO;
				CLANG_ANALYZER_NONNULL = YES;
				CLANG_ANALYZER_NUMBER_OBJECT_CONVERSION = YES_AGGRESSIVE;
				CLANG_CXX_LANGUAGE_STANDARD = "gnu++14";
				CLANG_CXX_LIBRARY = "libc++";
				CLANG_ENABLE_MODULES = YES;
				CLANG_ENABLE_OBJC_ARC = YES;
				CLANG_ENABLE_OBJC_WEAK = YES;
				CLANG_WARN_BLOCK_CAPTURE_AUTORELEASING = YES;
				CLANG_WARN_BOOL_CONVERSION = YES;
				CLANG_WARN_COMMA = YES;
				CLANG_WARN_CONSTANT_CONVERSION = YES;
				CLANG_WARN_DEPRECATED_OBJC_IMPLEMENTATIONS = YES;
				CLANG_WARN_DIRECT_OBJC_ISA_USAGE = YES_ERROR;
				CLANG_WARN_DOCUMENTATION_COMMENTS = YES;
				CLANG_WARN_EMPTY_BODY = YES;
				CLANG_WARN_ENUM_CONVERSION = YES;
				CLANG_WARN_INFINITE_RECURSION = YES;
				CLANG_WARN_INT_CONVERSION = YES;
				CLANG_WARN_NON_LITERAL_NULL_CONVERSION = YES;
				CLANG_WARN_OBJC_IMPLICIT_RETAIN_SELF = YES;
				CLANG_WARN_OBJC_LITERAL_CONVERSION = YES;
				CLANG_WARN_OBJC_ROOT_CLASS = YES_ERROR;
				CLANG_WARN_RANGE_LOOP_ANALYSIS = YES;
				CLANG_WARN_STRICT_PROTOTYPES = YES;
				CLANG_WARN_SUSPICIOUS_MOVE = YES;
				CLANG_WARN_UNGUARDED_AVAILABILITY = YES_AGGRESSIVE;
				CLANG_WARN_UNREACHABLE_CODE = YES;
				CLANG_WARN__DUPLICATE_METHOD_MATCH = YES;
				CODE_SIGN_IDENTITY = "iPhone Developer";
				COPY_PHASE_STRIP = NO;
				DEBUG_INFORMATION_FORMAT = "dwarf-with-dsym";
				ENABLE_NS_ASSERTIONS = NO;
				ENABLE_STRICT_OBJC_MSGSEND = YES;
				GCC_C_LANGUAGE_STANDARD = gnu11;
				GCC_NO_COMMON_BLOCKS = YES;
				GCC_WARN_64_TO_32_BIT_CONVERSION = YES;
				GCC_WARN_ABOUT_RETURN_TYPE = YES_ERROR;
				GCC_WARN_UNDECLARED_SELECTOR = YES;
				GCC_WARN_UNINITIALIZED_AUTOS = YES_AGGRESSIVE;
				GCC_WARN_UNUSED_FUNCTION = YES;
				GCC_WARN_UNUSED_VARIABLE = YES;
				IPHONEOS_DEPLOYMENT_TARGET = 12.2;
				MTL_ENABLE_DEBUG_INFO = NO;
				MTL_FAST_MATH = YES;
				SDKROOT = iphoneos;
				SWIFT_COMPILATION_MODE = wholemodule;
				SWIFT_OPTIMIZATION_LEVEL = "-O";
				VALIDATE_PRODUCT = YES;
			};
			name = Release;
		};
		02505DFC22D0D66300C35306 /* Debug */ = {
			isa = XCBuildConfiguration;
			baseConfigurationReference = 5DA72BA1C387646C4A599237 /* Pods-BunBeauty.debug.xcconfig */;
			buildSettings = {
				ASSETCATALOG_COMPILER_APPICON_NAME = AppIcon;
				CODE_SIGN_STYLE = Automatic;
				DEVELOPMENT_TEAM = FR56L474YV;
				INFOPLIST_FILE = BunBeauty/Info.plist;
				LD_RUNPATH_SEARCH_PATHS = (
					"$(inherited)",
					"@executable_path/Frameworks",
				);
				PRODUCT_BUNDLE_IDENTIFIER = "-bTeam.BunBeauty";
				PRODUCT_NAME = "$(TARGET_NAME)";
				SWIFT_VERSION = 5.0;
				TARGETED_DEVICE_FAMILY = "1,2";
			};
			name = Debug;
		};
		02505DFD22D0D66300C35306 /* Release */ = {
			isa = XCBuildConfiguration;
			baseConfigurationReference = B67DD05E80DBE56F686C823B /* Pods-BunBeauty.release.xcconfig */;
			buildSettings = {
				ASSETCATALOG_COMPILER_APPICON_NAME = AppIcon;
				CODE_SIGN_STYLE = Automatic;
				DEVELOPMENT_TEAM = FR56L474YV;
				INFOPLIST_FILE = BunBeauty/Info.plist;
				LD_RUNPATH_SEARCH_PATHS = (
					"$(inherited)",
					"@executable_path/Frameworks",
				);
				PRODUCT_BUNDLE_IDENTIFIER = "-bTeam.BunBeauty";
				PRODUCT_NAME = "$(TARGET_NAME)";
				SWIFT_VERSION = 5.0;
				TARGETED_DEVICE_FAMILY = "1,2";
			};
			name = Release;
		};
/* End XCBuildConfiguration section */

/* Begin XCConfigurationList section */
		02505DE422D0D66300C35306 /* Build configuration list for PBXProject "BunBeauty" */ = {
			isa = XCConfigurationList;
			buildConfigurations = (
				02505DF922D0D66300C35306 /* Debug */,
				02505DFA22D0D66300C35306 /* Release */,
			);
			defaultConfigurationIsVisible = 0;
			defaultConfigurationName = Release;
		};
		02505DFB22D0D66300C35306 /* Build configuration list for PBXNativeTarget "BunBeauty" */ = {
			isa = XCConfigurationList;
			buildConfigurations = (
				02505DFC22D0D66300C35306 /* Debug */,
				02505DFD22D0D66300C35306 /* Release */,
			);
			defaultConfigurationIsVisible = 0;
			defaultConfigurationName = Release;
		};
/* End XCConfigurationList section */
	};
	rootObject = 02505DE122D0D66300C35306 /* Project object */;
}
